
Microsoft Visual Studio Solution File, Format Version 12.00
# Visual Studio Version 17
VisualStudioVersion = 17.4.33205.214
MinimumVisualStudioVersion = 10.0.40219.1
Project("{2150E333-8FDC-42A3-9474-1A3956D46DE8}") = "Services", "Services", "{19D14E88-F23B-4904-9E29-4DD13A9D2F0C}"
EndProject
Project("{2150E333-8FDC-42A3-9474-1A3956D46DE8}") = "Student", "Student", "{6DA63971-BE57-4B20-A4C6-556D6F54F414}"
EndProject
Project("{FAE04EC0-301F-11D3-BF4B-00C04F79EFBC}") = "Student.API", "Services\Student\Student.API\Student.API.csproj", "{62D16973-392C-4FBB-9BE9-66448F395FFA}"
EndProject
Project("{2150E333-8FDC-42A3-9474-1A3956D46DE8}") = "BuildingBlocks", "BuildingBlocks", "{9D32B028-8D2C-4587-A9DF-512343428A00}"
EndProject
Project("{2150E333-8FDC-42A3-9474-1A3956D46DE8}") = "EventBus", "EventBus", "{9F5F0505-70DE-4DCB-B39D-066ABE7FE567}"
EndProject
Project("{FAE04EC0-301F-11D3-BF4B-00C04F79EFBC}") = "EventBus", "BuildingBlocks\EventBus\EventBus\EventBus.csproj", "{EAAB81BC-AC9A-4149-8B41-0F4A23A1079E}"
EndProject
Global
	GlobalSection(SolutionConfigurationPlatforms) = preSolution
		Debug|Any CPU = Debug|Any CPU
		Release|Any CPU = Release|Any CPU
	EndGlobalSection
	GlobalSection(ProjectConfigurationPlatforms) = postSolution
		{62D16973-392C-4FBB-9BE9-66448F395FFA}.Debug|Any CPU.ActiveCfg = Debug|Any CPU
		{62D16973-392C-4FBB-9BE9-66448F395FFA}.Debug|Any CPU.Build.0 = Debug|Any CPU
		{62D16973-392C-4FBB-9BE9-66448F395FFA}.Release|Any CPU.ActiveCfg = Release|Any CPU
		{62D16973-392C-4FBB-9BE9-66448F395FFA}.Release|Any CPU.Build.0 = Release|Any CPU
		{EAAB81BC-AC9A-4149-8B41-0F4A23A1079E}.Debug|Any CPU.ActiveCfg = Debug|Any CPU
		{EAAB81BC-AC9A-4149-8B41-0F4A23A1079E}.Debug|Any CPU.Build.0 = Debug|Any CPU
		{EAAB81BC-AC9A-4149-8B41-0F4A23A1079E}.Release|Any CPU.ActiveCfg = Release|Any CPU
		{EAAB81BC-AC9A-4149-8B41-0F4A23A1079E}.Release|Any CPU.Build.0 = Release|Any CPU
	EndGlobalSection
	GlobalSection(SolutionProperties) = preSolution
		HideSolutionNode = FALSE
	EndGlobalSection
	GlobalSection(NestedProjects) = preSolution
		{6DA63971-BE57-4B20-A4C6-556D6F54F414} = {19D14E88-F23B-4904-9E29-4DD13A9D2F0C}
		{62D16973-392C-4FBB-9BE9-66448F395FFA} = {6DA63971-BE57-4B20-A4C6-556D6F54F414}
		{9F5F0505-70DE-4DCB-B39D-066ABE7FE567} = {9D32B028-8D2C-4587-A9DF-512343428A00}
		{EAAB81BC-AC9A-4149-8B41-0F4A23A1079E} = {9F5F0505-70DE-4DCB-B39D-066ABE7FE567}
	EndGlobalSection
	GlobalSection(ExtensibilityGlobals) = postSolution
		SolutionGuid = {C9EB244B-515A-429E-8F21-2F09BCDA811A}
	EndGlobalSection
EndGlobal
